
Microsoft Visual Studio Solution File, Format Version 12.00
# Visual Studio Version 17
VisualStudioVersion = 17.5.33530.505
MinimumVisualStudioVersion = 10.0.40219.1
Project("{FAE04EC0-301F-11D3-BF4B-00C04F79EFBC}") = "DataLayer", "DataLayer.csproj", "{E5CEFF97-6390-40AE-B71B-E2777B91DDF5}"
EndProject
Global
	GlobalSection(SolutionConfigurationPlatforms) = preSolution
		Debug|Any CPU = Debug|Any CPU
		Release|Any CPU = Release|Any CPU
	EndGlobalSection
	GlobalSection(ProjectConfigurationPlatforms) = postSolution
		{E5CEFF97-6390-40AE-B71B-E2777B91DDF5}.Debug|Any CPU.ActiveCfg = Debug|Any CPU
		{E5CEFF97-6390-40AE-B71B-E2777B91DDF5}.Debug|Any CPU.Build.0 = Debug|Any CPU
		{E5CEFF97-6390-40AE-B71B-E2777B91DDF5}.Release|Any CPU.ActiveCfg = Release|Any CPU
		{E5CEFF97-6390-40AE-B71B-E2777B91DDF5}.Release|Any CPU.Build.0 = Release|Any CPU
	EndGlobalSection
	GlobalSection(SolutionProperties) = preSolution
		HideSolutionNode = FALSE
	EndGlobalSection
	GlobalSection(ExtensibilityGlobals) = postSolution
		SolutionGuid = {5A8E602D-4D19-4A2B-9A9D-6F4E8F569136}
	EndGlobalSection
EndGlobal
